
Microsoft Visual Studio Solution File, Format Version 12.00
# Visual Studio Version 17
VisualStudioVersion = 17.3.32922.545
MinimumVisualStudioVersion = 10.0.40219.1
Project("{2150E333-8FDC-42A3-9474-1A3956D46DE8}") = "Solution Items", "Solution Items", "{63E37902-5C23-46DB-8FB7-D1441C3EB9C9}"
	ProjectSection(SolutionItems) = preProject
		.editorconfig = .editorconfig
	EndProjectSection
EndProject
Project("{9A19103F-16F7-4668-BE54-9A1E7A4F7556}") = "Passive.API", "Passive.API\Passive.API.csproj", "{26869FDE-AED3-41C1-9237-14021D26C2C4}"
EndProject
Project("{9A19103F-16F7-4668-BE54-9A1E7A4F7556}") = "Passive.DTOs", "..\Passive.Libraries\Passive.DTOs\Passive.DTOs.csproj", "{AD5D5812-BED8-46D0-A6A9-F1ED510AD84C}"
EndProject
Global
	GlobalSection(SolutionConfigurationPlatforms) = preSolution
		Debug|Any CPU = Debug|Any CPU
		Release|Any CPU = Release|Any CPU
	EndGlobalSection
	GlobalSection(ProjectConfigurationPlatforms) = postSolution
		{26869FDE-AED3-41C1-9237-14021D26C2C4}.Debug|Any CPU.ActiveCfg = Debug|Any CPU
		{26869FDE-AED3-41C1-9237-14021D26C2C4}.Debug|Any CPU.Build.0 = Debug|Any CPU
		{26869FDE-AED3-41C1-9237-14021D26C2C4}.Release|Any CPU.ActiveCfg = Release|Any CPU
		{26869FDE-AED3-41C1-9237-14021D26C2C4}.Release|Any CPU.Build.0 = Release|Any CPU
		{AD5D5812-BED8-46D0-A6A9-F1ED510AD84C}.Debug|Any CPU.ActiveCfg = Debug|Any CPU
		{AD5D5812-BED8-46D0-A6A9-F1ED510AD84C}.Debug|Any CPU.Build.0 = Debug|Any CPU
		{AD5D5812-BED8-46D0-A6A9-F1ED510AD84C}.Release|Any CPU.ActiveCfg = Release|Any CPU
		{AD5D5812-BED8-46D0-A6A9-F1ED510AD84C}.Release|Any CPU.Build.0 = Release|Any CPU
	EndGlobalSection
	GlobalSection(SolutionProperties) = preSolution
		HideSolutionNode = FALSE
	EndGlobalSection
	GlobalSection(ExtensibilityGlobals) = postSolution
		SolutionGuid = {D10163F4-D195-4D3F-9EF4-85E4E2422BCD}
	EndGlobalSection
EndGlobal
